// !$*UTF8*$!
{
	archiveVersion = 1;
	classes = {
	};
	objectVersion = 52;
	objects = {

/* Begin PBXBuildFile section */
		9673E4CD22F042CB0009E409 /* AppDelegate.swift in Sources */ = {isa = PBXBuildFile; fileRef = 9673E4CC22F042CB0009E409 /* AppDelegate.swift */; };
		9673E4CF22F042CB0009E409 /* SceneDelegate.swift in Sources */ = {isa = PBXBuildFile; fileRef = 9673E4CE22F042CB0009E409 /* SceneDelegate.swift */; };
		9673E4D122F042CB0009E409 /* ViewController.swift in Sources */ = {isa = PBXBuildFile; fileRef = 9673E4D022F042CB0009E409 /* ViewController.swift */; };
		9673E4D422F042CB0009E409 /* Main.storyboard in Resources */ = {isa = PBXBuildFile; fileRef = 9673E4D222F042CB0009E409 /* Main.storyboard */; };
		9673E4D622F042CC0009E409 /* Assets.xcassets in Resources */ = {isa = PBXBuildFile; fileRef = 9673E4D522F042CC0009E409 /* Assets.xcassets */; };
		9673E4D922F042CC0009E409 /* LaunchScreen.storyboard in Resources */ = {isa = PBXBuildFile; fileRef = 9673E4D722F042CC0009E409 /* LaunchScreen.storyboard */; };
		9673E4E322F044020009E409 /* NetworkKit in Frameworks */ = {isa = PBXBuildFile; productRef = 9673E4E222F044020009E409 /* NetworkKit */; };
		96F1977A243AAA2C00E147F1 /* NetworkKit in Frameworks */ = {isa = PBXBuildFile; productRef = 96F19779243AAA2C00E147F1 /* NetworkKit */; };
/* End PBXBuildFile section */

/* Begin PBXFileReference section */
		9673E4C922F042CB0009E409 /* NetworkKitExample.app */ = {isa = PBXFileReference; explicitFileType = wrapper.application; includeInIndex = 0; path = NetworkKitExample.app; sourceTree = BUILT_PRODUCTS_DIR; };
		9673E4CC22F042CB0009E409 /* AppDelegate.swift */ = {isa = PBXFileReference; lastKnownFileType = sourcecode.swift; path = AppDelegate.swift; sourceTree = "<group>"; };
		9673E4CE22F042CB0009E409 /* SceneDelegate.swift */ = {isa = PBXFileReference; lastKnownFileType = sourcecode.swift; path = SceneDelegate.swift; sourceTree = "<group>"; };
		9673E4D022F042CB0009E409 /* ViewController.swift */ = {isa = PBXFileReference; lastKnownFileType = sourcecode.swift; path = ViewController.swift; sourceTree = "<group>"; };
		9673E4D322F042CB0009E409 /* Base */ = {isa = PBXFileReference; lastKnownFileType = file.storyboard; name = Base; path = Base.lproj/Main.storyboard; sourceTree = "<group>"; };
		9673E4D522F042CC0009E409 /* Assets.xcassets */ = {isa = PBXFileReference; lastKnownFileType = folder.assetcatalog; path = Assets.xcassets; sourceTree = "<group>"; };
		9673E4D822F042CC0009E409 /* Base */ = {isa = PBXFileReference; lastKnownFileType = file.storyboard; name = Base; path = Base.lproj/LaunchScreen.storyboard; sourceTree = "<group>"; };
		9673E4DA22F042CC0009E409 /* Info.plist */ = {isa = PBXFileReference; lastKnownFileType = text.plist.xml; path = Info.plist; sourceTree = "<group>"; };
		96F1977B243AAA3C00E147F1 /* NetworkKit */ = {isa = PBXFileReference; lastKnownFileType = folder; name = NetworkKit; path = ..; sourceTree = "<group>"; };
/* End PBXFileReference section */

/* Begin PBXFrameworksBuildPhase section */
		9673E4C622F042CB0009E409 /* Frameworks */ = {
			isa = PBXFrameworksBuildPhase;
			buildActionMask = 2147483647;
			files = (
				96F1977A243AAA2C00E147F1 /* NetworkKit in Frameworks */,
				9673E4E322F044020009E409 /* NetworkKit in Frameworks */,
			);
			runOnlyForDeploymentPostprocessing = 0;
		};
/* End PBXFrameworksBuildPhase section */

/* Begin PBXGroup section */
		9673E4C022F042CB0009E409 = {
			isa = PBXGroup;
			children = (
				96F1977B243AAA3C00E147F1 /* NetworkKit */,
				9673E4CB22F042CB0009E409 /* NetworkKitExample */,
				9673E4CA22F042CB0009E409 /* Products */,
				9673E4E122F044020009E409 /* Frameworks */,
			);
			sourceTree = "<group>";
		};
		9673E4CA22F042CB0009E409 /* Products */ = {
			isa = PBXGroup;
			children = (
				9673E4C922F042CB0009E409 /* NetworkKitExample.app */,
			);
			name = Products;
			sourceTree = "<group>";
		};
		9673E4CB22F042CB0009E409 /* NetworkKitExample */ = {
			isa = PBXGroup;
			children = (
				9673E4CC22F042CB0009E409 /* AppDelegate.swift */,
				9673E4CE22F042CB0009E409 /* SceneDelegate.swift */,
				9673E4D022F042CB0009E409 /* ViewController.swift */,
				9673E4D222F042CB0009E409 /* Main.storyboard */,
				9673E4D522F042CC0009E409 /* Assets.xcassets */,
				9673E4D722F042CC0009E409 /* LaunchScreen.storyboard */,
				9673E4DA22F042CC0009E409 /* Info.plist */,
			);
			path = NetworkKitExample;
			sourceTree = "<group>";
		};
		9673E4E122F044020009E409 /* Frameworks */ = {
			isa = PBXGroup;
			children = (
			);
			name = Frameworks;
			sourceTree = "<group>";
		};
/* End PBXGroup section */

/* Begin PBXNativeTarget section */
		9673E4C822F042CB0009E409 /* NetworkKitExample */ = {
			isa = PBXNativeTarget;
			buildConfigurationList = 9673E4DD22F042CC0009E409 /* Build configuration list for PBXNativeTarget "NetworkKitExample" */;
			buildPhases = (
				9673E4C522F042CB0009E409 /* Sources */,
				9673E4C622F042CB0009E409 /* Frameworks */,
				9673E4C722F042CB0009E409 /* Resources */,
			);
			buildRules = (
			);
			dependencies = (
			);
			name = NetworkKitExample;
			packageProductDependencies = (
				9673E4E222F044020009E409 /* NetworkKit */,
				96F19779243AAA2C00E147F1 /* NetworkKit */,
			);
			productName = NetworkKitExample;
			productReference = 9673E4C922F042CB0009E409 /* NetworkKitExample.app */;
			productType = "com.apple.product-type.application";
		};
/* End PBXNativeTarget section */

/* Begin PBXProject section */
		9673E4C122F042CB0009E409 /* Project object */ = {
			isa = PBXProject;
			attributes = {
				LastSwiftUpdateCheck = 1100;
				LastUpgradeCheck = 1100;
				ORGANIZATIONNAME = "Jason Howlin";
				TargetAttributes = {
					9673E4C822F042CB0009E409 = {
						CreatedOnToolsVersion = 11.0;
					};
				};
			};
			buildConfigurationList = 9673E4C422F042CB0009E409 /* Build configuration list for PBXProject "NetworkKitExample" */;
			compatibilityVersion = "Xcode 9.3";
			developmentRegion = en;
			hasScannedForEncodings = 0;
			knownRegions = (
				en,
				Base,
			);
			mainGroup = 9673E4C022F042CB0009E409;
			packageReferences = (
				96F19778243AAA2C00E147F1 /* XCRemoteSwiftPackageReference "NetworkKit" */,
			);
			productRefGroup = 9673E4CA22F042CB0009E409 /* Products */;
			projectDirPath = "";
			projectRoot = "";
			targets = (
				9673E4C822F042CB0009E409 /* NetworkKitExample */,
			);
		};
/* End PBXProject section */

/* Begin PBXResourcesBuildPhase section */
		9673E4C722F042CB0009E409 /* Resources */ = {
			isa = PBXResourcesBuildPhase;
			buildActionMask = 2147483647;
			files = (
				9673E4D922F042CC0009E409 /* LaunchScreen.storyboard in Resources */,
				9673E4D622F042CC0009E409 /* Assets.xcassets in Resources */,
				9673E4D422F042CB0009E409 /* Main.storyboard in Resources */,
			);
			runOnlyForDeploymentPostprocessing = 0;
		};
/* End PBXResourcesBuildPhase section */

/* Begin PBXSourcesBuildPhase section */
		9673E4C522F042CB0009E409 /* Sources */ = {
			isa = PBXSourcesBuildPhase;
			buildActionMask = 2147483647;
			files = (
				9673E4D122F042CB0009E409 /* ViewController.swift in Sources */,
				9673E4CD22F042CB0009E409 /* AppDelegate.swift in Sources */,
				9673E4CF22F042CB0009E409 /* SceneDelegate.swift in Sources */,
			);
			runOnlyForDeploymentPostprocessing = 0;
		};
/* End PBXSourcesBuildPhase section */

/* Begin PBXVariantGroup section */
		9673E4D222F042CB0009E409 /* Main.storyboard */ = {
			isa = PBXVariantGroup;
			children = (
				9673E4D322F042CB0009E409 /* Base */,
			);
			name = Main.storyboard;
			sourceTree = "<group>";
		};
		9673E4D722F042CC0009E409 /* LaunchScreen.storyboard */ = {
			isa = PBXVariantGroup;
			children = (
				9673E4D822F042CC0009E409 /* Base */,
			);
			name = LaunchScreen.storyboard;
			sourceTree = "<group>";
		};
/* End PBXVariantGroup section */

/* Begin XCBuildConfiguration section */
		9673E4DB22F042CC0009E409 /* Debug */ = {
			isa = XCBuildConfiguration;
			buildSettings = {
				ALWAYS_SEARCH_USER_PATHS = NO;
				CLANG_ANALYZER_NONNULL = YES;
				CLANG_ANALYZER_NUMBER_OBJECT_CONVERSION = YES_AGGRESSIVE;
				CLANG_CXX_LANGUAGE_STANDARD = "gnu++14";
				CLANG_CXX_LIBRARY = "libc++";
				CLANG_ENABLE_MODULES = YES;
				CLANG_ENABLE_OBJC_ARC = YES;
				CLANG_ENABLE_OBJC_WEAK = YES;
				CLANG_WARN_BLOCK_CAPTURE_AUTORELEASING = YES;
				CLANG_WARN_BOOL_CONVERSION = YES;
				CLANG_WARN_COMMA = YES;
				CLANG_WARN_CONSTANT_CONVERSION = YES;
				CLANG_WARN_DEPRECATED_OBJC_IMPLEMENTATIONS = YES;
				CLANG_WARN_DIRECT_OBJC_ISA_USAGE = YES_ERROR;
				CLANG_WARN_DOCUMENTATION_COMMENTS = YES;
				CLANG_WARN_EMPTY_BODY = YES;
				CLANG_WARN_ENUM_CONVERSION = YES;
				CLANG_WARN_INFINITE_RECURSION = YES;
				CLANG_WARN_INT_CONVERSION = YES;
				CLANG_WARN_NON_LITERAL_NULL_CONVERSION = YES;
				CLANG_WARN_OBJC_IMPLICIT_RETAIN_SELF = YES;
				CLANG_WARN_OBJC_LITERAL_CONVERSION = YES;
				CLANG_WARN_OBJC_ROOT_CLASS = YES_ERROR;
				CLANG_WARN_RANGE_LOOP_ANALYSIS = YES;
				CLANG_WARN_STRICT_PROTOTYPES = YES;
				CLANG_WARN_SUSPICIOUS_MOVE = YES;
				CLANG_WARN_UNGUARDED_AVAILABILITY = YES_AGGRESSIVE;
				CLANG_WARN_UNREACHABLE_CODE = YES;
				CLANG_WARN__DUPLICATE_METHOD_MATCH = YES;
				COPY_PHASE_STRIP = NO;
				DEBUG_INFORMATION_FORMAT = dwarf;
				ENABLE_STRICT_OBJC_MSGSEND = YES;
				ENABLE_TESTABILITY = YES;
				GCC_C_LANGUAGE_STANDARD = gnu11;
				GCC_DYNAMIC_NO_PIC = NO;
				GCC_NO_COMMON_BLOCKS = YES;
				GCC_OPTIMIZATION_LEVEL = 0;
				GCC_PREPROCESSOR_DEFINITIONS = (
					"DEBUG=1",
					"$(inherited)",
				);
				GCC_WARN_64_TO_32_BIT_CONVERSION = YES;
				GCC_WARN_ABOUT_RETURN_TYPE = YES_ERROR;
				GCC_WARN_UNDECLARED_SELECTOR = YES;
				GCC_WARN_UNINITIALIZED_AUTOS = YES_AGGRESSIVE;
				GCC_WARN_UNUSED_FUNCTION = YES;
				GCC_WARN_UNUSED_VARIABLE = YES;
				IPHONEOS_DEPLOYMENT_TARGET = 13.0;
				MTL_ENABLE_DEBUG_INFO = INCLUDE_SOURCE;
				MTL_FAST_MATH = YES;
				ONLY_ACTIVE_ARCH = YES;
				SDKROOT = iphoneos;
				SWIFT_ACTIVE_COMPILATION_CONDITIONS = DEBUG;
				SWIFT_OPTIMIZATION_LEVEL = "-Onone";
			};
			name = Debug;
		};
		9673E4DC22F042CC0009E409 /* Release */ = {
			isa = XCBuildConfiguration;
			buildSettings = {
				ALWAYS_SEARCH_USER_PATHS = NO;
				CLANG_ANALYZER_NONNULL = YES;
				CLANG_ANALYZER_NUMBER_OBJECT_CONVERSION = YES_AGGRESSIVE;
				CLANG_CXX_LANGUAGE_STANDARD = "gnu++14";
				CLANG_CXX_LIBRARY = "libc++";
				CLANG_ENABLE_MODULES = YES;
				CLANG_ENABLE_OBJC_ARC = YES;
				CLANG_ENABLE_OBJC_WEAK = YES;
				CLANG_WARN_BLOCK_CAPTURE_AUTORELEASING = YES;
				CLANG_WARN_BOOL_CONVERSION = YES;
				CLANG_WARN_COMMA = YES;
				CLANG_WARN_CONSTANT_CONVERSION = YES;
				CLANG_WARN_DEPRECATED_OBJC_IMPLEMENTATIONS = YES;
				CLANG_WARN_DIRECT_OBJC_ISA_USAGE = YES_ERROR;
				CLANG_WARN_DOCUMENTATION_COMMENTS = YES;
				CLANG_WARN_EMPTY_BODY = YES;
				CLANG_WARN_ENUM_CONVERSION = YES;
				CLANG_WARN_INFINITE_RECURSION = YES;
				CLANG_WARN_INT_CONVERSION = YES;
				CLANG_WARN_NON_LITERAL_NULL_CONVERSION = YES;
				CLANG_WARN_OBJC_IMPLICIT_RETAIN_SELF = YES;
				CLANG_WARN_OBJC_LITERAL_CONVERSION = YES;
				CLANG_WARN_OBJC_ROOT_CLASS = YES_ERROR;
				CLANG_WARN_RANGE_LOOP_ANALYSIS = YES;
				CLANG_WARN_STRICT_PROTOTYPES = YES;
				CLANG_WARN_SUSPICIOUS_MOVE = YES;
				CLANG_WARN_UNGUARDED_AVAILABILITY = YES_AGGRESSIVE;
				CLANG_WARN_UNREACHABLE_CODE = YES;
				CLANG_WARN__DUPLICATE_METHOD_MATCH = YES;
				COPY_PHASE_STRIP = NO;
				DEBUG_INFORMATION_FORMAT = "dwarf-with-dsym";
				ENABLE_NS_ASSERTIONS = NO;
				ENABLE_STRICT_OBJC_MSGSEND = YES;
				GCC_C_LANGUAGE_STANDARD = gnu11;
				GCC_NO_COMMON_BLOCKS = YES;
				GCC_WARN_64_TO_32_BIT_CONVERSION = YES;
				GCC_WARN_ABOUT_RETURN_TYPE = YES_ERROR;
				GCC_WARN_UNDECLARED_SELECTOR = YES;
				GCC_WARN_UNINITIALIZED_AUTOS = YES_AGGRESSIVE;
				GCC_WARN_UNUSED_FUNCTION = YES;
				GCC_WARN_UNUSED_VARIABLE = YES;
				IPHONEOS_DEPLOYMENT_TARGET = 13.0;
				MTL_ENABLE_DEBUG_INFO = NO;
				MTL_FAST_MATH = YES;
				SDKROOT = iphoneos;
				SWIFT_COMPILATION_MODE = wholemodule;
				SWIFT_OPTIMIZATION_LEVEL = "-O";
				VALIDATE_PRODUCT = YES;
			};
			name = Release;
		};
		9673E4DE22F042CC0009E409 /* Debug */ = {
			isa = XCBuildConfiguration;
			buildSettings = {
				ASSETCATALOG_COMPILER_APPICON_NAME = AppIcon;
				CODE_SIGN_STYLE = Automatic;
				DEVELOPMENT_TEAM = 7PB5426XF4;
				INFOPLIST_FILE = NetworkKitExample/Info.plist;
				LD_RUNPATH_SEARCH_PATHS = (
					"$(inherited)",
					"@executable_path/Frameworks",
				);
				PRODUCT_BUNDLE_IDENTIFIER = com.howlin.NetworkKitExample;
				PRODUCT_NAME = "$(TARGET_NAME)";
				SWIFT_VERSION = 5.0;
				TARGETED_DEVICE_FAMILY = "1,2";
			};
			name = Debug;
		};
		9673E4DF22F042CC0009E409 /* Release */ = {
			isa = XCBuildConfiguration;
			buildSettings = {
				ASSETCATALOG_COMPILER_APPICON_NAME = AppIcon;
				CODE_SIGN_STYLE = Automatic;
				DEVELOPMENT_TEAM = 7PB5426XF4;
				INFOPLIST_FILE = NetworkKitExample/Info.plist;
				LD_RUNPATH_SEARCH_PATHS = (
					"$(inherited)",
					"@executable_path/Frameworks",
				);
				PRODUCT_BUNDLE_IDENTIFIER = com.howlin.NetworkKitExample;
				PRODUCT_NAME = "$(TARGET_NAME)";
				SWIFT_VERSION = 5.0;
				TARGETED_DEVICE_FAMILY = "1,2";
			};
			name = Release;
		};
/* End XCBuildConfiguration section */

/* Begin XCConfigurationList section */
		9673E4C422F042CB0009E409 /* Build configuration list for PBXProject "NetworkKitExample" */ = {
			isa = XCConfigurationList;
			buildConfigurations = (
				9673E4DB22F042CC0009E409 /* Debug */,
				9673E4DC22F042CC0009E409 /* Release */,
			);
			defaultConfigurationIsVisible = 0;
			defaultConfigurationName = Release;
		};
		9673E4DD22F042CC0009E409 /* Build configuration list for PBXNativeTarget "NetworkKitExample" */ = {
			isa = XCConfigurationList;
			buildConfigurations = (
				9673E4DE22F042CC0009E409 /* Debug */,
				9673E4DF22F042CC0009E409 /* Release */,
			);
			defaultConfigurationIsVisible = 0;
			defaultConfigurationName = Release;
		};
/* End XCConfigurationList section */

/* Begin XCRemoteSwiftPackageReference section */
		96F19778243AAA2C00E147F1 /* XCRemoteSwiftPackageReference "NetworkKit" */ = {
			isa = XCRemoteSwiftPackageReference;
			repositoryURL = "git@github.com:jhowlin/NetworkKit.git";
			requirement = {
				branch = master;
				kind = branch;
			};
		};
/* End XCRemoteSwiftPackageReference section */

/* Begin XCSwiftPackageProductDependency section */
		9673E4E222F044020009E409 /* NetworkKit */ = {
			isa = XCSwiftPackageProductDependency;
			productName = NetworkKit;
		};
		96F19779243AAA2C00E147F1 /* NetworkKit */ = {
			isa = XCSwiftPackageProductDependency;
			package = 96F19778243AAA2C00E147F1 /* XCRemoteSwiftPackageReference "NetworkKit" */;
			productName = NetworkKit;
		};
/* End XCSwiftPackageProductDependency section */
	};
	rootObject = 9673E4C122F042CB0009E409 /* Project object */;
}
